
Microsoft Visual Studio Solution File, Format Version 12.00
# Visual Studio Version 17
VisualStudioVersion = 17.13.35931.197 d17.13
MinimumVisualStudioVersion = 10.0.40219.1
Project("{FAE04EC0-301F-11D3-BF4B-00C04F79EFBC}") = "YumBlazor", "YumBlazor\YumBlazor.csproj", "{EBDA59C7-59A0-4D24-AA4C-81D72FA82E72}"
EndProject
Global
	GlobalSection(SolutionConfigurationPlatforms) = preSolution
		Debug|Any CPU = Debug|Any CPU
		Release|Any CPU = Release|Any CPU
	EndGlobalSection
	GlobalSection(ProjectConfigurationPlatforms) = postSolution
		{EBDA59C7-59A0-4D24-AA4C-81D72FA82E72}.Debug|Any CPU.ActiveCfg = Debug|Any CPU
		{EBDA59C7-59A0-4D24-AA4C-81D72FA82E72}.Debug|Any CPU.Build.0 = Debug|Any CPU
		{EBDA59C7-59A0-4D24-AA4C-81D72FA82E72}.Release|Any CPU.ActiveCfg = Release|Any CPU
		{EBDA59C7-59A0-4D24-AA4C-81D72FA82E72}.Release|Any CPU.Build.0 = Release|Any CPU
	EndGlobalSection
	GlobalSection(SolutionProperties) = preSolution
		HideSolutionNode = FALSE
	EndGlobalSection
	GlobalSection(ExtensibilityGlobals) = postSolution
		SolutionGuid = {B1DA1121-FDE7-4F50-835D-521E0AD1573B}
	EndGlobalSection
EndGlobal
